// !$*UTF8*$!
{
	archiveVersion = 1;
	classes = {
	};
	objectVersion = 46;
	objects = {

/* Begin PBXBuildFile section */
		5436745F1D55ED4100766990 /* AppDelegate.swift in Sources */ = {isa = PBXBuildFile; fileRef = 5436745E1D55ED4100766990 /* AppDelegate.swift */; };
		543674611D55ED4100766990 /* MasterViewController.swift in Sources */ = {isa = PBXBuildFile; fileRef = 543674601D55ED4100766990 /* MasterViewController.swift */; };
		543674631D55ED4100766990 /* DetailViewController.swift in Sources */ = {isa = PBXBuildFile; fileRef = 543674621D55ED4100766990 /* DetailViewController.swift */; };
		543674661D55ED4100766990 /* Main.storyboard in Resources */ = {isa = PBXBuildFile; fileRef = 543674641D55ED4100766990 /* Main.storyboard */; };
		543674681D55ED4100766990 /* Assets.xcassets in Resources */ = {isa = PBXBuildFile; fileRef = 543674671D55ED4100766990 /* Assets.xcassets */; };
		5436746B1D55ED4100766990 /* LaunchScreen.storyboard in Resources */ = {isa = PBXBuildFile; fileRef = 543674691D55ED4100766990 /* LaunchScreen.storyboard */; };
/* End PBXBuildFile section */

/* Begin PBXFileReference section */
		5436745B1D55ED4100766990 /* CellProvider.app */ = {isa = PBXFileReference; explicitFileType = wrapper.application; includeInIndex = 0; path = CellProvider.app; sourceTree = BUILT_PRODUCTS_DIR; };
		5436745E1D55ED4100766990 /* AppDelegate.swift */ = {isa = PBXFileReference; lastKnownFileType = sourcecode.swift; path = AppDelegate.swift; sourceTree = "<group>"; };
		543674601D55ED4100766990 /* MasterViewController.swift */ = {isa = PBXFileReference; lastKnownFileType = sourcecode.swift; path = MasterViewController.swift; sourceTree = "<group>"; };
		543674621D55ED4100766990 /* DetailViewController.swift */ = {isa = PBXFileReference; lastKnownFileType = sourcecode.swift; path = DetailViewController.swift; sourceTree = "<group>"; };
		543674651D55ED4100766990 /* Base */ = {isa = PBXFileReference; lastKnownFileType = file.storyboard; name = Base; path = Base.lproj/Main.storyboard; sourceTree = "<group>"; };
		543674671D55ED4100766990 /* Assets.xcassets */ = {isa = PBXFileReference; lastKnownFileType = folder.assetcatalog; path = Assets.xcassets; sourceTree = "<group>"; };
		5436746A1D55ED4100766990 /* Base */ = {isa = PBXFileReference; lastKnownFileType = file.storyboard; name = Base; path = Base.lproj/LaunchScreen.storyboard; sourceTree = "<group>"; };
		5436746C1D55ED4100766990 /* Info.plist */ = {isa = PBXFileReference; lastKnownFileType = text.plist.xml; path = Info.plist; sourceTree = "<group>"; };
/* End PBXFileReference section */

/* Begin PBXFrameworksBuildPhase section */
		543674581D55ED4100766990 /* Frameworks */ = {
			isa = PBXFrameworksBuildPhase;
			buildActionMask = 2147483647;
			files = (
			);
			runOnlyForDeploymentPostprocessing = 0;
		};
/* End PBXFrameworksBuildPhase section */

/* Begin PBXGroup section */
		543674521D55ED4100766990 = {
			isa = PBXGroup;
			children = (
				5436745D1D55ED4100766990 /* CellProvider */,
				5436745C1D55ED4100766990 /* Products */,
			);
			sourceTree = "<group>";
		};
		5436745C1D55ED4100766990 /* Products */ = {
			isa = PBXGroup;
			children = (
				5436745B1D55ED4100766990 /* CellProvider.app */,
			);
			name = Products;
			sourceTree = "<group>";
		};
		5436745D1D55ED4100766990 /* CellProvider */ = {
			isa = PBXGroup;
			children = (
				5436745E1D55ED4100766990 /* AppDelegate.swift */,
				543674601D55ED4100766990 /* MasterViewController.swift */,
				543674621D55ED4100766990 /* DetailViewController.swift */,
				543674641D55ED4100766990 /* Main.storyboard */,
				543674671D55ED4100766990 /* Assets.xcassets */,
				543674691D55ED4100766990 /* LaunchScreen.storyboard */,
				5436746C1D55ED4100766990 /* Info.plist */,
			);
			path = CellProvider;
			sourceTree = "<group>";
		};
/* End PBXGroup section */

/* Begin PBXNativeTarget section */
		5436745A1D55ED4100766990 /* CellProvider */ = {
			isa = PBXNativeTarget;
			buildConfigurationList = 5436746F1D55ED4100766990 /* Build configuration list for PBXNativeTarget "CellProvider" */;
			buildPhases = (
				543674571D55ED4100766990 /* Sources */,
				543674581D55ED4100766990 /* Frameworks */,
				543674591D55ED4100766990 /* Resources */,
			);
			buildRules = (
			);
			dependencies = (
			);
			name = CellProvider;
			productName = CellProvider;
			productReference = 5436745B1D55ED4100766990 /* CellProvider.app */;
			productType = "com.apple.product-type.application";
		};
/* End PBXNativeTarget section */

/* Begin PBXProject section */
		543674531D55ED4100766990 /* Project object */ = {
			isa = PBXProject;
			attributes = {
				LastSwiftUpdateCheck = 0730;
				LastUpgradeCheck = 0730;
				ORGANIZATIONNAME = Snippex;
				TargetAttributes = {
					5436745A1D55ED4100766990 = {
						CreatedOnToolsVersion = 7.3.1;
					};
				};
			};
			buildConfigurationList = 543674561D55ED4100766990 /* Build configuration list for PBXProject "CellProvider" */;
			compatibilityVersion = "Xcode 3.2";
			developmentRegion = English;
			hasScannedForEncodings = 0;
			knownRegions = (
				en,
				Base,
			);
			mainGroup = 543674521D55ED4100766990;
			productRefGroup = 5436745C1D55ED4100766990 /* Products */;
			projectDirPath = "";
			projectRoot = "";
			targets = (
				5436745A1D55ED4100766990 /* CellProvider */,
			);
		};
/* End PBXProject section */

/* Begin PBXResourcesBuildPhase section */
		543674591D55ED4100766990 /* Resources */ = {
			isa = PBXResourcesBuildPhase;
			buildActionMask = 2147483647;
			files = (
				5436746B1D55ED4100766990 /* LaunchScreen.storyboard in Resources */,
				543674681D55ED4100766990 /* Assets.xcassets in Resources */,
				543674661D55ED4100766990 /* Main.storyboard in Resources */,
			);
			runOnlyForDeploymentPostprocessing = 0;
		};
/* End PBXResourcesBuildPhase section */

/* Begin PBXSourcesBuildPhase section */
		543674571D55ED4100766990 /* Sources */ = {
			isa = PBXSourcesBuildPhase;
			buildActionMask = 2147483647;
			files = (
				543674631D55ED4100766990 /* DetailViewController.swift in Sources */,
				543674611D55ED4100766990 /* MasterViewController.swift in Sources */,
				5436745F1D55ED4100766990 /* AppDelegate.swift in Sources */,
			);
			runOnlyForDeploymentPostprocessing = 0;
		};
/* End PBXSourcesBuildPhase section */

/* Begin PBXVariantGroup section */
		543674641D55ED4100766990 /* Main.storyboard */ = {
			isa = PBXVariantGroup;
			children = (
				543674651D55ED4100766990 /* Base */,
			);
			name = Main.storyboard;
			sourceTree = "<group>";
		};
		543674691D55ED4100766990 /* LaunchScreen.storyboard */ = {
			isa = PBXVariantGroup;
			children = (
				5436746A1D55ED4100766990 /* Base */,
			);
			name = LaunchScreen.storyboard;
			sourceTree = "<group>";
		};
/* End PBXVariantGroup section */

/* Begin XCBuildConfiguration section */
		5436746D1D55ED4100766990 /* Debug */ = {
			isa = XCBuildConfiguration;
			buildSettings = {
				ALWAYS_SEARCH_USER_PATHS = NO;
				CLANG_ANALYZER_NONNULL = YES;
				CLANG_CXX_LANGUAGE_STANDARD = "gnu++0x";
				CLANG_CXX_LIBRARY = "libc++";
				CLANG_ENABLE_MODULES = YES;
				CLANG_ENABLE_OBJC_ARC = YES;
				CLANG_WARN_BOOL_CONVERSION = YES;
				CLANG_WARN_CONSTANT_CONVERSION = YES;
				CLANG_WARN_DIRECT_OBJC_ISA_USAGE = YES_ERROR;
				CLANG_WARN_EMPTY_BODY = YES;
				CLANG_WARN_ENUM_CONVERSION = YES;
				CLANG_WARN_INT_CONVERSION = YES;
				CLANG_WARN_OBJC_ROOT_CLASS = YES_ERROR;
				CLANG_WARN_UNREACHABLE_CODE = YES;
				CLANG_WARN__DUPLICATE_METHOD_MATCH = YES;
				"CODE_SIGN_IDENTITY[sdk=iphoneos*]" = "iPhone Developer";
				COPY_PHASE_STRIP = NO;
				DEBUG_INFORMATION_FORMAT = dwarf;
				ENABLE_STRICT_OBJC_MSGSEND = YES;
				ENABLE_TESTABILITY = YES;
				GCC_C_LANGUAGE_STANDARD = gnu99;
				GCC_DYNAMIC_NO_PIC = NO;
				GCC_NO_COMMON_BLOCKS = YES;
				GCC_OPTIMIZATION_LEVEL = 0;
				GCC_PREPROCESSOR_DEFINITIONS = (
					"DEBUG=1",
					"$(inherited)",
				);
				GCC_WARN_64_TO_32_BIT_CONVERSION = YES;
				GCC_WARN_ABOUT_RETURN_TYPE = YES_ERROR;
				GCC_WARN_UNDECLARED_SELECTOR = YES;
				GCC_WARN_UNINITIALIZED_AUTOS = YES_AGGRESSIVE;
				GCC_WARN_UNUSED_FUNCTION = YES;
				GCC_WARN_UNUSED_VARIABLE = YES;
				IPHONEOS_DEPLOYMENT_TARGET = 9.3;
				MTL_ENABLE_DEBUG_INFO = YES;
				ONLY_ACTIVE_ARCH = YES;
				SDKROOT = iphoneos;
				SWIFT_OPTIMIZATION_LEVEL = "-Onone";
			};
			name = Debug;
		};
		5436746E1D55ED4100766990 /* Release */ = {
			isa = XCBuildConfiguration;
			buildSettings = {
				ALWAYS_SEARCH_USER_PATHS = NO;
				CLANG_ANALYZER_NONNULL = YES;
				CLANG_CXX_LANGUAGE_STANDARD = "gnu++0x";
				CLANG_CXX_LIBRARY = "libc++";
				CLANG_ENABLE_MODULES = YES;
				CLANG_ENABLE_OBJC_ARC = YES;
				CLANG_WARN_BOOL_CONVERSION = YES;
				CLANG_WARN_CONSTANT_CONVERSION = YES;
				CLANG_WARN_DIRECT_OBJC_ISA_USAGE = YES_ERROR;
				CLANG_WARN_EMPTY_BODY = YES;
				CLANG_WARN_ENUM_CONVERSION = YES;
				CLANG_WARN_INT_CONVERSION = YES;
				CLANG_WARN_OBJC_ROOT_CLASS = YES_ERROR;
				CLANG_WARN_UNREACHABLE_CODE = YES;
				CLANG_WARN__DUPLICATE_METHOD_MATCH = YES;
				"CODE_SIGN_IDENTITY[sdk=iphoneos*]" = "iPhone Developer";
				COPY_PHASE_STRIP = NO;
				DEBUG_INFORMATION_FORMAT = "dwarf-with-dsym";
				ENABLE_NS_ASSERTIONS = NO;
				ENABLE_STRICT_OBJC_MSGSEND = YES;
				GCC_C_LANGUAGE_STANDARD = gnu99;
				GCC_NO_COMMON_BLOCKS = YES;
				GCC_WARN_64_TO_32_BIT_CONVERSION = YES;
				GCC_WARN_ABOUT_RETURN_TYPE = YES_ERROR;
				GCC_WARN_UNDECLARED_SELECTOR = YES;
				GCC_WARN_UNINITIALIZED_AUTOS = YES_AGGRESSIVE;
				GCC_WARN_UNUSED_FUNCTION = YES;
				GCC_WARN_UNUSED_VARIABLE = YES;
				IPHONEOS_DEPLOYMENT_TARGET = 9.3;
				MTL_ENABLE_DEBUG_INFO = NO;
				SDKROOT = iphoneos;
				VALIDATE_PRODUCT = YES;
			};
			name = Release;
		};
		543674701D55ED4100766990 /* Debug */ = {
			isa = XCBuildConfiguration;
			buildSettings = {
				ASSETCATALOG_COMPILER_APPICON_NAME = AppIcon;
				INFOPLIST_FILE = CellProvider/Info.plist;
				LD_RUNPATH_SEARCH_PATHS = "$(inherited) @executable_path/Frameworks";
				PRODUCT_BUNDLE_IDENTIFIER = uk.co.snippex.ios.CellProvider;
				PRODUCT_NAME = "$(TARGET_NAME)";
			};
			name = Debug;
		};
		543674711D55ED4100766990 /* Release */ = {
			isa = XCBuildConfiguration;
			buildSettings = {
				ASSETCATALOG_COMPILER_APPICON_NAME = AppIcon;
				INFOPLIST_FILE = CellProvider/Info.plist;
				LD_RUNPATH_SEARCH_PATHS = "$(inherited) @executable_path/Frameworks";
				PRODUCT_BUNDLE_IDENTIFIER = uk.co.snippex.ios.CellProvider;
				PRODUCT_NAME = "$(TARGET_NAME)";
			};
			name = Release;
		};
/* End XCBuildConfiguration section */

/* Begin XCConfigurationList section */
		543674561D55ED4100766990 /* Build configuration list for PBXProject "CellProvider" */ = {
			isa = XCConfigurationList;
			buildConfigurations = (
				5436746D1D55ED4100766990 /* Debug */,
				5436746E1D55ED4100766990 /* Release */,
			);
			defaultConfigurationIsVisible = 0;
			defaultConfigurationName = Release;
		};
		5436746F1D55ED4100766990 /* Build configuration list for PBXNativeTarget "CellProvider" */ = {
			isa = XCConfigurationList;
			buildConfigurations = (
				543674701D55ED4100766990 /* Debug */,
				543674711D55ED4100766990 /* Release */,
			);
			defaultConfigurationIsVisible = 0;
		};
/* End XCConfigurationList section */
	};
	rootObject = 543674531D55ED4100766990 /* Project object */;
}
